
Microsoft Visual Studio Solution File, Format Version 12.00
# Visual Studio Version 17
VisualStudioVersion = 17.8.34309.116
MinimumVisualStudioVersion = 10.0.40219.1
Project("{FAE04EC0-301F-11D3-BF4B-00C04F79EFBC}") = "VerifyEmailForgotPasswordApp", "VerifyEmailForgotPasswordApp\VerifyEmailForgotPasswordApp.csproj", "{7DA51F41-2277-4752-B06F-B1BB090776CB}"
EndProject
Global
	GlobalSection(SolutionConfigurationPlatforms) = preSolution
		Debug|Any CPU = Debug|Any CPU
		Release|Any CPU = Release|Any CPU
	EndGlobalSection
	GlobalSection(ProjectConfigurationPlatforms) = postSolution
		{7DA51F41-2277-4752-B06F-B1BB090776CB}.Debug|Any CPU.ActiveCfg = Debug|Any CPU
		{7DA51F41-2277-4752-B06F-B1BB090776CB}.Debug|Any CPU.Build.0 = Debug|Any CPU
		{7DA51F41-2277-4752-B06F-B1BB090776CB}.Release|Any CPU.ActiveCfg = Release|Any CPU
		{7DA51F41-2277-4752-B06F-B1BB090776CB}.Release|Any CPU.Build.0 = Release|Any CPU
	EndGlobalSection
	GlobalSection(SolutionProperties) = preSolution
		HideSolutionNode = FALSE
	EndGlobalSection
	GlobalSection(ExtensibilityGlobals) = postSolution
		SolutionGuid = {1B99FD1C-A06E-4C1B-862E-8ED74EF2710E}
	EndGlobalSection
EndGlobal
